
Microsoft Visual Studio Solution File, Format Version 12.00
# Visual Studio Version 17
VisualStudioVersion = 17.7.34221.43
MinimumVisualStudioVersion = 10.0.40219.1
Project("{9A19103F-16F7-4668-BE54-9A1E7A4F7556}") = "Mattermost-Webhook-Cli", "Mattermost-Cli\Mattermost-Webhook-Cli.csproj", "{88CCA365-6ECA-4D26-A272-73F1A129CDE1}"
EndProject
Global
	GlobalSection(SolutionConfigurationPlatforms) = preSolution
		Debug|Any CPU = Debug|Any CPU
		Release|Any CPU = Release|Any CPU
	EndGlobalSection
	GlobalSection(ProjectConfigurationPlatforms) = postSolution
		{88CCA365-6ECA-4D26-A272-73F1A129CDE1}.Debug|Any CPU.ActiveCfg = Debug|Any CPU
		{88CCA365-6ECA-4D26-A272-73F1A129CDE1}.Debug|Any CPU.Build.0 = Debug|Any CPU
		{88CCA365-6ECA-4D26-A272-73F1A129CDE1}.Release|Any CPU.ActiveCfg = Release|Any CPU
		{88CCA365-6ECA-4D26-A272-73F1A129CDE1}.Release|Any CPU.Build.0 = Release|Any CPU
	EndGlobalSection
	GlobalSection(SolutionProperties) = preSolution
		HideSolutionNode = FALSE
	EndGlobalSection
	GlobalSection(ExtensibilityGlobals) = postSolution
		SolutionGuid = {1664AD23-2369-4D46-8579-111BA4BDECEF}
	EndGlobalSection
EndGlobal
